
Microsoft Visual Studio Solution File, Format Version 12.00
# Visual Studio Version 17
VisualStudioVersion = 17.4.33213.308
MinimumVisualStudioVersion = 10.0.40219.1
Project("{FAE04EC0-301F-11D3-BF4B-00C04F79EFBC}") = "HelloWorld", "HelloWorld\HelloWorld.csproj", "{59D73DE0-A70B-41B6-A594-A1433A48EB99}"
EndProject
Project("{FAE04EC0-301F-11D3-BF4B-00C04F79EFBC}") = "ClassInCSharp", "ClassInCSharp\ClassInCSharp.csproj", "{86E13CF9-6218-4119-B1BB-C13871A10A8D}"
EndProject
Project("{FAE04EC0-301F-11D3-BF4B-00C04F79EFBC}") = "DelegateInCsharp", "DelegateInCsharp\DelegateInCsharp.csproj", "{C99B0DA2-8E19-4F18-8E5F-769B639C9251}"
EndProject
Project("{FAE04EC0-301F-11D3-BF4B-00C04F79EFBC}") = "lambda", "lambda\lambda.csproj", "{9C39BA30-1B3E-491A-BCFC-84D2D5F47C40}"
EndProject
Project("{9A19103F-16F7-4668-BE54-9A1E7A4F7556}") = "EventAndDelegate", "EventAndDelegate\EventAndDelegate.csproj", "{88873B1E-56E8-4AA2-B434-EB6C61F5F246}"
EndProject
Project("{FAE04EC0-301F-11D3-BF4B-00C04F79EFBC}") = "DestructorStaticOverloading", "DestructorAndStatic\DestructorStaticOverloading.csproj", "{9C767A69-7BCD-4929-86C0-5373171735E7}"
EndProject
Project("{FAE04EC0-301F-11D3-BF4B-00C04F79EFBC}") = "Exception", "Exception\Exception.csproj", "{B82E7D2D-2F2F-4402-A33E-3D0760E40320}"
EndProject
Project("{FAE04EC0-301F-11D3-BF4B-00C04F79EFBC}") = "Collection_List", "Collection_List\Collection_List.csproj", "{AD8062A0-CAE5-4B55-B933-EF3F9F1D6634}"
EndProject
Project("{FAE04EC0-301F-11D3-BF4B-00C04F79EFBC}") = "SortedList", "SortedList\SortedList.csproj", "{C688783A-8FC0-4857-8ECE-EE581A493D4D}"
EndProject
Project("{FAE04EC0-301F-11D3-BF4B-00C04F79EFBC}") = "Dictionary_And_HashSet", "Dictionary_And_HashSet\Dictionary_And_HashSet.csproj", "{C357FAA0-916E-443C-B581-71440EBDA9BE}"
EndProject
Project("{FAE04EC0-301F-11D3-BF4B-00C04F79EFBC}") = "ObservableCollection", "Observable\ObservableCollection.csproj", "{08D719CC-7C5C-4F38-869A-9AFF4EBEE912}"
EndProject
Project("{FAE04EC0-301F-11D3-BF4B-00C04F79EFBC}") = "ReviewDelegate", "ReviewDelegate\ReviewDelegate.csproj", "{1C5CA3C5-5C44-42DA-A0DE-88C66D3F1A51}"
EndProject
Project("{FAE04EC0-301F-11D3-BF4B-00C04F79EFBC}") = "ReviewEventAndEventHandler", "ReviewEventAndEventHandler\ReviewEventAndEventHandler.csproj", "{6539E0FB-FBFA-449E-AF11-3B5DE5466162}"
EndProject
Project("{FAE04EC0-301F-11D3-BF4B-00C04F79EFBC}") = "ReviewEvent_part_two", "ReviewEvent_part_two\ReviewEvent_part_two.csproj", "{C4499163-6EE0-4CA2-8B2E-C19FE3EF1164}"
EndProject
Global
	GlobalSection(SolutionConfigurationPlatforms) = preSolution
		Debug|Any CPU = Debug|Any CPU
		Release|Any CPU = Release|Any CPU
	EndGlobalSection
	GlobalSection(ProjectConfigurationPlatforms) = postSolution
		{59D73DE0-A70B-41B6-A594-A1433A48EB99}.Debug|Any CPU.ActiveCfg = Debug|Any CPU
		{59D73DE0-A70B-41B6-A594-A1433A48EB99}.Debug|Any CPU.Build.0 = Debug|Any CPU
		{59D73DE0-A70B-41B6-A594-A1433A48EB99}.Release|Any CPU.ActiveCfg = Release|Any CPU
		{59D73DE0-A70B-41B6-A594-A1433A48EB99}.Release|Any CPU.Build.0 = Release|Any CPU
		{86E13CF9-6218-4119-B1BB-C13871A10A8D}.Debug|Any CPU.ActiveCfg = Debug|Any CPU
		{86E13CF9-6218-4119-B1BB-C13871A10A8D}.Debug|Any CPU.Build.0 = Debug|Any CPU
		{86E13CF9-6218-4119-B1BB-C13871A10A8D}.Release|Any CPU.ActiveCfg = Release|Any CPU
		{86E13CF9-6218-4119-B1BB-C13871A10A8D}.Release|Any CPU.Build.0 = Release|Any CPU
		{C99B0DA2-8E19-4F18-8E5F-769B639C9251}.Debug|Any CPU.ActiveCfg = Debug|Any CPU
		{C99B0DA2-8E19-4F18-8E5F-769B639C9251}.Debug|Any CPU.Build.0 = Debug|Any CPU
		{C99B0DA2-8E19-4F18-8E5F-769B639C9251}.Release|Any CPU.ActiveCfg = Release|Any CPU
		{C99B0DA2-8E19-4F18-8E5F-769B639C9251}.Release|Any CPU.Build.0 = Release|Any CPU
		{9C39BA30-1B3E-491A-BCFC-84D2D5F47C40}.Debug|Any CPU.ActiveCfg = Debug|Any CPU
		{9C39BA30-1B3E-491A-BCFC-84D2D5F47C40}.Debug|Any CPU.Build.0 = Debug|Any CPU
		{9C39BA30-1B3E-491A-BCFC-84D2D5F47C40}.Release|Any CPU.ActiveCfg = Release|Any CPU
		{9C39BA30-1B3E-491A-BCFC-84D2D5F47C40}.Release|Any CPU.Build.0 = Release|Any CPU
		{88873B1E-56E8-4AA2-B434-EB6C61F5F246}.Debug|Any CPU.ActiveCfg = Debug|Any CPU
		{88873B1E-56E8-4AA2-B434-EB6C61F5F246}.Debug|Any CPU.Build.0 = Debug|Any CPU
		{88873B1E-56E8-4AA2-B434-EB6C61F5F246}.Release|Any CPU.ActiveCfg = Release|Any CPU
		{88873B1E-56E8-4AA2-B434-EB6C61F5F246}.Release|Any CPU.Build.0 = Release|Any CPU
		{9C767A69-7BCD-4929-86C0-5373171735E7}.Debug|Any CPU.ActiveCfg = Debug|Any CPU
		{9C767A69-7BCD-4929-86C0-5373171735E7}.Debug|Any CPU.Build.0 = Debug|Any CPU
		{9C767A69-7BCD-4929-86C0-5373171735E7}.Release|Any CPU.ActiveCfg = Release|Any CPU
		{9C767A69-7BCD-4929-86C0-5373171735E7}.Release|Any CPU.Build.0 = Release|Any CPU
		{B82E7D2D-2F2F-4402-A33E-3D0760E40320}.Debug|Any CPU.ActiveCfg = Debug|Any CPU
		{B82E7D2D-2F2F-4402-A33E-3D0760E40320}.Debug|Any CPU.Build.0 = Debug|Any CPU
		{B82E7D2D-2F2F-4402-A33E-3D0760E40320}.Release|Any CPU.ActiveCfg = Release|Any CPU
		{B82E7D2D-2F2F-4402-A33E-3D0760E40320}.Release|Any CPU.Build.0 = Release|Any CPU
		{AD8062A0-CAE5-4B55-B933-EF3F9F1D6634}.Debug|Any CPU.ActiveCfg = Debug|Any CPU
		{AD8062A0-CAE5-4B55-B933-EF3F9F1D6634}.Debug|Any CPU.Build.0 = Debug|Any CPU
		{AD8062A0-CAE5-4B55-B933-EF3F9F1D6634}.Release|Any CPU.ActiveCfg = Release|Any CPU
		{AD8062A0-CAE5-4B55-B933-EF3F9F1D6634}.Release|Any CPU.Build.0 = Release|Any CPU
		{C688783A-8FC0-4857-8ECE-EE581A493D4D}.Debug|Any CPU.ActiveCfg = Debug|Any CPU
		{C688783A-8FC0-4857-8ECE-EE581A493D4D}.Debug|Any CPU.Build.0 = Debug|Any CPU
		{C688783A-8FC0-4857-8ECE-EE581A493D4D}.Release|Any CPU.ActiveCfg = Release|Any CPU
		{C688783A-8FC0-4857-8ECE-EE581A493D4D}.Release|Any CPU.Build.0 = Release|Any CPU
		{C357FAA0-916E-443C-B581-71440EBDA9BE}.Debug|Any CPU.ActiveCfg = Debug|Any CPU
		{C357FAA0-916E-443C-B581-71440EBDA9BE}.Debug|Any CPU.Build.0 = Debug|Any CPU
		{C357FAA0-916E-443C-B581-71440EBDA9BE}.Release|Any CPU.ActiveCfg = Release|Any CPU
		{C357FAA0-916E-443C-B581-71440EBDA9BE}.Release|Any CPU.Build.0 = Release|Any CPU
		{08D719CC-7C5C-4F38-869A-9AFF4EBEE912}.Debug|Any CPU.ActiveCfg = Debug|Any CPU
		{08D719CC-7C5C-4F38-869A-9AFF4EBEE912}.Debug|Any CPU.Build.0 = Debug|Any CPU
		{08D719CC-7C5C-4F38-869A-9AFF4EBEE912}.Release|Any CPU.ActiveCfg = Release|Any CPU
		{08D719CC-7C5C-4F38-869A-9AFF4EBEE912}.Release|Any CPU.Build.0 = Release|Any CPU
		{1C5CA3C5-5C44-42DA-A0DE-88C66D3F1A51}.Debug|Any CPU.ActiveCfg = Debug|Any CPU
		{1C5CA3C5-5C44-42DA-A0DE-88C66D3F1A51}.Debug|Any CPU.Build.0 = Debug|Any CPU
		{1C5CA3C5-5C44-42DA-A0DE-88C66D3F1A51}.Release|Any CPU.ActiveCfg = Release|Any CPU
		{1C5CA3C5-5C44-42DA-A0DE-88C66D3F1A51}.Release|Any CPU.Build.0 = Release|Any CPU
		{6539E0FB-FBFA-449E-AF11-3B5DE5466162}.Debug|Any CPU.ActiveCfg = Debug|Any CPU
		{6539E0FB-FBFA-449E-AF11-3B5DE5466162}.Debug|Any CPU.Build.0 = Debug|Any CPU
		{6539E0FB-FBFA-449E-AF11-3B5DE5466162}.Release|Any CPU.ActiveCfg = Release|Any CPU
		{6539E0FB-FBFA-449E-AF11-3B5DE5466162}.Release|Any CPU.Build.0 = Release|Any CPU
		{C4499163-6EE0-4CA2-8B2E-C19FE3EF1164}.Debug|Any CPU.ActiveCfg = Debug|Any CPU
		{C4499163-6EE0-4CA2-8B2E-C19FE3EF1164}.Debug|Any CPU.Build.0 = Debug|Any CPU
		{C4499163-6EE0-4CA2-8B2E-C19FE3EF1164}.Release|Any CPU.ActiveCfg = Release|Any CPU
		{C4499163-6EE0-4CA2-8B2E-C19FE3EF1164}.Release|Any CPU.Build.0 = Release|Any CPU
	EndGlobalSection
	GlobalSection(SolutionProperties) = preSolution
		HideSolutionNode = FALSE
	EndGlobalSection
	GlobalSection(ExtensibilityGlobals) = postSolution
		SolutionGuid = {8D7BF317-7467-4B35-ABBD-C55494220A87}
	EndGlobalSection
EndGlobal
